{
  "version": 4,
  "terraform_version": "1.2.2",
  "serial": 148,
  "lineage": "e55a3f70-016b-1666-2c5a-6c92b348052c",
  "outputs": {},
  "resources": [
    {
      "mode": "managed",
      "type": "azurerm_lb",
      "name": "appLb",
      "provider": "provider[\"registry.terraform.io/hashicorp/azurerm\"]",
      "instances": [
        {
          "schema_version": 0,
          "attributes": {
            "edge_zone": "",
            "frontend_ip_configuration": [
              {
                "gateway_load_balancer_frontend_ip_configuration_id": "",
                "id": "/subscriptions/2fc41cd7-4e3c-4339-9a34-108ab169f022/resourceGroups/vmScaleSetRg/providers/Microsoft.Network/loadBalancers/appLb/frontendIPConfigurations/frontend-ip",
                "inbound_nat_rules": [],
                "load_balancer_rules": [],
                "name": "frontend-ip",
                "outbound_rules": [],
                "private_ip_address": "",
                "private_ip_address_allocation": "Dynamic",
                "private_ip_address_version": "",
                "public_ip_address_id": "/subscriptions/2fc41cd7-4e3c-4339-9a34-108ab169f022/resourceGroups/vmScaleSetRg/providers/Microsoft.Network/publicIPAddresses/loadIp",
                "public_ip_prefix_id": "",
                "subnet_id": "",
                "zones": null
              }
            ],
            "id": "/subscriptions/2fc41cd7-4e3c-4339-9a34-108ab169f022/resourceGroups/vmScaleSetRg/providers/Microsoft.Network/loadBalancers/appLb",
            "location": "eastasia",
            "name": "appLb",
            "private_ip_address": "",
            "private_ip_addresses": [],
            "resource_group_name": "vmScaleSetRg",
            "sku": "Standard",
            "sku_tier": "Regional",
            "tags": null,
            "timeouts": null
          },
          "sensitive_attributes": [],
          "private": "eyJlMmJmYjczMC1lY2FhLTExZTYtOGY4OC0zNDM2M2JjN2M0YzAiOnsiY3JlYXRlIjoxODAwMDAwMDAwMDAwLCJkZWxldGUiOjE4MDAwMDAwMDAwMDAsInJlYWQiOjMwMDAwMDAwMDAwMCwidXBkYXRlIjoxODAwMDAwMDAwMDAwfX0=",
          "dependencies": [
            "azurerm_public_ip.loadIp",
            "azurerm_resource_group.rg01"
          ]
        }
      ]
    },
    {
      "mode": "managed",
      "type": "azurerm_lb_backend_address_pool",
      "name": "scaleSetPool",
      "provider": "provider[\"registry.terraform.io/hashicorp/azurerm\"]",
      "instances": [
        {
          "schema_version": 0,
          "attributes": {
            "backend_ip_configurations": [],
            "id": "/subscriptions/2fc41cd7-4e3c-4339-9a34-108ab169f022/resourceGroups/vmScaleSetRg/providers/Microsoft.Network/loadBalancers/appLb/backendAddressPools/scaleSetPool",
            "load_balancing_rules": [],
            "loadbalancer_id": "/subscriptions/2fc41cd7-4e3c-4339-9a34-108ab169f022/resourceGroups/vmScaleSetRg/providers/Microsoft.Network/loadBalancers/appLb",
            "name": "scaleSetPool",
            "outbound_rules": [],
            "timeouts": null,
            "tunnel_interface": []
          },
          "sensitive_attributes": [],
          "private": "eyJlMmJmYjczMC1lY2FhLTExZTYtOGY4OC0zNDM2M2JjN2M0YzAiOnsiY3JlYXRlIjoxODAwMDAwMDAwMDAwLCJkZWxldGUiOjE4MDAwMDAwMDAwMDAsInJlYWQiOjMwMDAwMDAwMDAwMCwidXBkYXRlIjoxODAwMDAwMDAwMDAwfX0=",
          "dependencies": [
            "azurerm_lb.appLb",
            "azurerm_public_ip.loadIp",
            "azurerm_resource_group.rg01"
          ]
        }
      ]
    },
    {
      "mode": "managed",
      "type": "azurerm_lb_probe",
      "name": "ProbeA",
      "provider": "provider[\"registry.terraform.io/hashicorp/azurerm\"]",
      "instances": [
        {
          "schema_version": 0,
          "attributes": {
            "id": "/subscriptions/2fc41cd7-4e3c-4339-9a34-108ab169f022/resourceGroups/vmScaleSetRg/providers/Microsoft.Network/loadBalancers/appLb/probes/ProbeA",
            "interval_in_seconds": 15,
            "load_balancer_rules": [],
            "loadbalancer_id": "/subscriptions/2fc41cd7-4e3c-4339-9a34-108ab169f022/resourceGroups/vmScaleSetRg/providers/Microsoft.Network/loadBalancers/appLb",
            "name": "ProbeA",
            "number_of_probes": 2,
            "port": 80,
            "protocol": "Tcp",
            "request_path": "",
            "timeouts": null
          },
          "sensitive_attributes": [],
          "private": "eyJlMmJmYjczMC1lY2FhLTExZTYtOGY4OC0zNDM2M2JjN2M0YzAiOnsiY3JlYXRlIjoxODAwMDAwMDAwMDAwLCJkZWxldGUiOjE4MDAwMDAwMDAwMDAsInJlYWQiOjMwMDAwMDAwMDAwMCwidXBkYXRlIjoxODAwMDAwMDAwMDAwfX0=",
          "dependencies": [
            "azurerm_lb.appLb",
            "azurerm_public_ip.loadIp",
            "azurerm_resource_group.rg01"
          ]
        }
      ]
    },
    {
      "mode": "managed",
      "type": "azurerm_lb_rule",
      "name": "Rule01",
      "provider": "provider[\"registry.terraform.io/hashicorp/azurerm\"]",
      "instances": [
        {
          "schema_version": 0,
          "attributes": {
            "backend_address_pool_ids": [
              "/subscriptions/2fc41cd7-4e3c-4339-9a34-108ab169f022/resourceGroups/vmScaleSetRg/providers/Microsoft.Network/loadBalancers/appLb/backendAddressPools/scaleSetPool"
            ],
            "backend_port": 80,
            "disable_outbound_snat": false,
            "enable_floating_ip": false,
            "enable_tcp_reset": false,
            "frontend_ip_configuration_id": "/subscriptions/2fc41cd7-4e3c-4339-9a34-108ab169f022/resourceGroups/vmScaleSetRg/providers/Microsoft.Network/loadBalancers/appLb/frontendIPConfigurations/frontend-ip",
            "frontend_ip_configuration_name": "frontend-ip",
            "frontend_port": 80,
            "id": "/subscriptions/2fc41cd7-4e3c-4339-9a34-108ab169f022/resourceGroups/vmScaleSetRg/providers/Microsoft.Network/loadBalancers/appLb/loadBalancingRules/Rule01",
            "idle_timeout_in_minutes": 4,
            "load_distribution": "Default",
            "loadbalancer_id": "/subscriptions/2fc41cd7-4e3c-4339-9a34-108ab169f022/resourceGroups/vmScaleSetRg/providers/Microsoft.Network/loadBalancers/appLb",
            "name": "Rule01",
            "probe_id": "/subscriptions/2fc41cd7-4e3c-4339-9a34-108ab169f022/resourceGroups/vmScaleSetRg/providers/Microsoft.Network/loadBalancers/appLb/probes/ProbeA",
            "protocol": "Tcp",
            "timeouts": null
          },
          "sensitive_attributes": [],
          "private": "eyJlMmJmYjczMC1lY2FhLTExZTYtOGY4OC0zNDM2M2JjN2M0YzAiOnsiY3JlYXRlIjoxODAwMDAwMDAwMDAwLCJkZWxldGUiOjE4MDAwMDAwMDAwMDAsInJlYWQiOjMwMDAwMDAwMDAwMCwidXBkYXRlIjoxODAwMDAwMDAwMDAwfX0=",
          "dependencies": [
            "azurerm_lb.appLb",
            "azurerm_lb_backend_address_pool.scaleSetPool",
            "azurerm_lb_probe.ProbeA",
            "azurerm_public_ip.loadIp",
            "azurerm_resource_group.rg01"
          ]
        }
      ]
    },
    {
      "mode": "managed",
      "type": "azurerm_public_ip",
      "name": "loadIp",
      "provider": "provider[\"registry.terraform.io/hashicorp/azurerm\"]",
      "instances": [
        {
          "schema_version": 0,
          "attributes": {
            "allocation_method": "Static",
            "domain_name_label": null,
            "edge_zone": "",
            "fqdn": null,
            "id": "/subscriptions/2fc41cd7-4e3c-4339-9a34-108ab169f022/resourceGroups/vmScaleSetRg/providers/Microsoft.Network/publicIPAddresses/loadIp",
            "idle_timeout_in_minutes": 4,
            "ip_address": "20.187.95.249",
            "ip_tags": null,
            "ip_version": "IPv4",
            "location": "eastasia",
            "name": "loadIp",
            "public_ip_prefix_id": null,
            "resource_group_name": "vmScaleSetRg",
            "reverse_fqdn": null,
            "sku": "Standard",
            "sku_tier": "Regional",
            "tags": null,
            "timeouts": null,
            "zones": null
          },
          "sensitive_attributes": [],
          "private": "eyJlMmJmYjczMC1lY2FhLTExZTYtOGY4OC0zNDM2M2JjN2M0YzAiOnsiY3JlYXRlIjoxODAwMDAwMDAwMDAwLCJkZWxldGUiOjE4MDAwMDAwMDAwMDAsInJlYWQiOjMwMDAwMDAwMDAwMCwidXBkYXRlIjoxODAwMDAwMDAwMDAwfX0=",
          "dependencies": [
            "azurerm_resource_group.rg01"
          ]
        }
      ]
    },
    {
      "mode": "managed",
      "type": "azurerm_resource_group",
      "name": "rg01",
      "provider": "provider[\"registry.terraform.io/hashicorp/azurerm\"]",
      "instances": [
        {
          "schema_version": 0,
          "attributes": {
            "id": "/subscriptions/2fc41cd7-4e3c-4339-9a34-108ab169f022/resourceGroups/vmScaleSetRg",
            "location": "eastasia",
            "name": "vmScaleSetRg",
            "tags": null,
            "timeouts": null
          },
          "sensitive_attributes": [],
          "private": "eyJlMmJmYjczMC1lY2FhLTExZTYtOGY4OC0zNDM2M2JjN2M0YzAiOnsiY3JlYXRlIjo1NDAwMDAwMDAwMDAwLCJkZWxldGUiOjU0MDAwMDAwMDAwMDAsInJlYWQiOjMwMDAwMDAwMDAwMCwidXBkYXRlIjo1NDAwMDAwMDAwMDAwfX0="
        }
      ]
    },
    {
      "mode": "managed",
      "type": "azurerm_storage_account",
      "name": "appstorage998",
      "provider": "provider[\"registry.terraform.io/hashicorp/azurerm\"]",
      "instances": [
        {
          "schema_version": 3,
          "attributes": {
            "access_tier": "Hot",
            "account_kind": "StorageV2",
            "account_replication_type": "LRS",
            "account_tier": "Standard",
            "allow_nested_items_to_be_public": true,
            "azure_files_authentication": [],
            "blob_properties": [
              {
                "change_feed_enabled": false,
                "container_delete_retention_policy": [],
                "cors_rule": [],
                "default_service_version": "",
                "delete_retention_policy": [],
                "last_access_time_enabled": false,
                "versioning_enabled": false
              }
            ],
            "cross_tenant_replication_enabled": true,
            "custom_domain": [],
            "customer_managed_key": [],
            "edge_zone": "",
            "enable_https_traffic_only": true,
            "id": "/subscriptions/2fc41cd7-4e3c-4339-9a34-108ab169f022/resourceGroups/vmScaleSetRg/providers/Microsoft.Storage/storageAccounts/appstorage998",
            "identity": [],
            "infrastructure_encryption_enabled": false,
            "is_hns_enabled": false,
            "large_file_share_enabled": null,
            "location": "eastasia",
            "min_tls_version": "TLS1_2",
            "name": "appstorage998",
            "network_rules": [
              {
                "bypass": [
                  "AzureServices"
                ],
                "default_action": "Allow",
                "ip_rules": [],
                "private_link_access": [],
                "virtual_network_subnet_ids": []
              }
            ],
            "nfsv3_enabled": false,
            "primary_access_key": "dBDcJJwrmXO9GyEt7pXsKIxqcmtzoMHOB9uKX+lSN+DI8BUfausxzSYOwKSZSQPRDkp+uuPXzMKK+ASt13PuHQ==",
            "primary_blob_connection_string": "DefaultEndpointsProtocol=https;BlobEndpoint=https://appstorage998.blob.core.windows.net/;AccountName=appstorage998;AccountKey=dBDcJJwrmXO9GyEt7pXsKIxqcmtzoMHOB9uKX+lSN+DI8BUfausxzSYOwKSZSQPRDkp+uuPXzMKK+ASt13PuHQ==",
            "primary_blob_endpoint": "https://appstorage998.blob.core.windows.net/",
            "primary_blob_host": "appstorage998.blob.core.windows.net",
            "primary_connection_string": "DefaultEndpointsProtocol=https;AccountName=appstorage998;AccountKey=dBDcJJwrmXO9GyEt7pXsKIxqcmtzoMHOB9uKX+lSN+DI8BUfausxzSYOwKSZSQPRDkp+uuPXzMKK+ASt13PuHQ==;EndpointSuffix=core.windows.net",
            "primary_dfs_endpoint": "https://appstorage998.dfs.core.windows.net/",
            "primary_dfs_host": "appstorage998.dfs.core.windows.net",
            "primary_file_endpoint": "https://appstorage998.file.core.windows.net/",
            "primary_file_host": "appstorage998.file.core.windows.net",
            "primary_location": "eastasia",
            "primary_queue_endpoint": "https://appstorage998.queue.core.windows.net/",
            "primary_queue_host": "appstorage998.queue.core.windows.net",
            "primary_table_endpoint": "https://appstorage998.table.core.windows.net/",
            "primary_table_host": "appstorage998.table.core.windows.net",
            "primary_web_endpoint": "https://appstorage998.z7.web.core.windows.net/",
            "primary_web_host": "appstorage998.z7.web.core.windows.net",
            "queue_encryption_key_type": "Service",
            "queue_properties": [
              {
                "cors_rule": [],
                "hour_metrics": [
                  {
                    "enabled": true,
                    "include_apis": true,
                    "retention_policy_days": 7,
                    "version": "1.0"
                  }
                ],
                "logging": [
                  {
                    "delete": false,
                    "read": false,
                    "retention_policy_days": 0,
                    "version": "1.0",
                    "write": false
                  }
                ],
                "minute_metrics": [
                  {
                    "enabled": false,
                    "include_apis": false,
                    "retention_policy_days": 0,
                    "version": "1.0"
                  }
                ]
              }
            ],
            "resource_group_name": "vmScaleSetRg",
            "routing": [],
            "secondary_access_key": "O25+AC+iLYSbAFpLY0ynytrvXMUIOUYcCY2o7ALUmFh6G/REZMGiNOMlb6zWuPjZSSzfgr+tEppE+ASt5MBgdw==",
            "secondary_blob_connection_string": "",
            "secondary_blob_endpoint": null,
            "secondary_blob_host": null,
            "secondary_connection_string": "DefaultEndpointsProtocol=https;AccountName=appstorage998;AccountKey=O25+AC+iLYSbAFpLY0ynytrvXMUIOUYcCY2o7ALUmFh6G/REZMGiNOMlb6zWuPjZSSzfgr+tEppE+ASt5MBgdw==;EndpointSuffix=core.windows.net",
            "secondary_dfs_endpoint": null,
            "secondary_dfs_host": null,
            "secondary_file_endpoint": null,
            "secondary_file_host": null,
            "secondary_location": "",
            "secondary_queue_endpoint": null,
            "secondary_queue_host": null,
            "secondary_table_endpoint": null,
            "secondary_table_host": null,
            "secondary_web_endpoint": null,
            "secondary_web_host": null,
            "share_properties": [
              {
                "cors_rule": [],
                "retention_policy": [
                  {
                    "days": 7
                  }
                ],
                "smb": []
              }
            ],
            "shared_access_key_enabled": true,
            "static_website": [],
            "table_encryption_key_type": "Service",
            "tags": null,
            "timeouts": null
          },
          "sensitive_attributes": [],
          "private": "eyJlMmJmYjczMC1lY2FhLTExZTYtOGY4OC0zNDM2M2JjN2M0YzAiOnsiY3JlYXRlIjozNjAwMDAwMDAwMDAwLCJkZWxldGUiOjM2MDAwMDAwMDAwMDAsInJlYWQiOjMwMDAwMDAwMDAwMCwidXBkYXRlIjozNjAwMDAwMDAwMDAwfSwic2NoZW1hX3ZlcnNpb24iOiIzIn0=",
          "dependencies": [
            "azurerm_resource_group.rg01"
          ]
        }
      ]
    },
    {
      "mode": "managed",
      "type": "azurerm_storage_blob",
      "name": "IIS_Config",
      "provider": "provider[\"registry.terraform.io/hashicorp/azurerm\"]",
      "instances": [
        {
          "schema_version": 1,
          "attributes": {
            "access_tier": "Hot",
            "cache_control": "",
            "content_md5": "",
            "content_type": "application/octet-stream",
            "id": "https://appstorage998.blob.core.windows.net/data/IIS_Config.ps1",
            "metadata": {},
            "name": "IIS_Config.ps1",
            "parallelism": 8,
            "size": 0,
            "source": "IIS_Config.ps1",
            "source_content": null,
            "source_uri": null,
            "storage_account_name": "appstorage998",
            "storage_container_name": "data",
            "timeouts": null,
            "type": "Block",
            "url": "https://appstorage998.blob.core.windows.net/data/IIS_Config.ps1"
          },
          "sensitive_attributes": [],
          "private": "eyJlMmJmYjczMC1lY2FhLTExZTYtOGY4OC0zNDM2M2JjN2M0YzAiOnsiY3JlYXRlIjoxODAwMDAwMDAwMDAwLCJkZWxldGUiOjE4MDAwMDAwMDAwMDAsInJlYWQiOjMwMDAwMDAwMDAwMCwidXBkYXRlIjoxODAwMDAwMDAwMDAwfSwic2NoZW1hX3ZlcnNpb24iOiIxIn0=",
          "dependencies": [
            "azurerm_resource_group.rg01",
            "azurerm_storage_account.appstorage998",
            "azurerm_storage_container.data"
          ]
        }
      ]
    },
    {
      "mode": "managed",
      "type": "azurerm_storage_container",
      "name": "data",
      "provider": "provider[\"registry.terraform.io/hashicorp/azurerm\"]",
      "instances": [
        {
          "schema_version": 1,
          "attributes": {
            "container_access_type": "blob",
            "has_immutability_policy": false,
            "has_legal_hold": false,
            "id": "https://appstorage998.blob.core.windows.net/data",
            "metadata": {},
            "name": "data",
            "resource_manager_id": "/subscriptions/2fc41cd7-4e3c-4339-9a34-108ab169f022/resourceGroups/vmScaleSetRg/providers/Microsoft.Storage/storageAccounts/appstorage998/blobServices/default/containers/data",
            "storage_account_name": "appstorage998",
            "timeouts": null
          },
          "sensitive_attributes": [],
          "private": "eyJlMmJmYjczMC1lY2FhLTExZTYtOGY4OC0zNDM2M2JjN2M0YzAiOnsiY3JlYXRlIjoxODAwMDAwMDAwMDAwLCJkZWxldGUiOjE4MDAwMDAwMDAwMDAsInJlYWQiOjMwMDAwMDAwMDAwMCwidXBkYXRlIjoxODAwMDAwMDAwMDAwfSwic2NoZW1hX3ZlcnNpb24iOiIxIn0=",
          "dependencies": [
            "azurerm_resource_group.rg01",
            "azurerm_storage_account.appstorage998"
          ]
        }
      ]
    },
    {
      "mode": "managed",
      "type": "azurerm_subnet",
      "name": "subnet01",
      "provider": "provider[\"registry.terraform.io/hashicorp/azurerm\"]",
      "instances": [
        {
          "schema_version": 0,
          "attributes": {
            "address_prefixes": [
              "10.0.0.0/24"
            ],
            "delegation": [],
            "enforce_private_link_endpoint_network_policies": false,
            "enforce_private_link_service_network_policies": false,
            "id": "/subscriptions/2fc41cd7-4e3c-4339-9a34-108ab169f022/resourceGroups/vmScaleSetRg/providers/Microsoft.Network/virtualNetworks/vnet01/subnets/subnet01",
            "name": "subnet01",
            "resource_group_name": "vmScaleSetRg",
            "service_endpoint_policy_ids": null,
            "service_endpoints": null,
            "timeouts": null,
            "virtual_network_name": "vnet01"
          },
          "sensitive_attributes": [],
          "private": "eyJlMmJmYjczMC1lY2FhLTExZTYtOGY4OC0zNDM2M2JjN2M0YzAiOnsiY3JlYXRlIjoxODAwMDAwMDAwMDAwLCJkZWxldGUiOjE4MDAwMDAwMDAwMDAsInJlYWQiOjMwMDAwMDAwMDAwMCwidXBkYXRlIjoxODAwMDAwMDAwMDAwfX0=",
          "dependencies": [
            "azurerm_resource_group.rg01",
            "azurerm_virtual_network.vnet01"
          ]
        }
      ]
    },
    {
      "mode": "managed",
      "type": "azurerm_virtual_machine_scale_set_extension",
      "name": "extScaleSet",
      "provider": "provider[\"registry.terraform.io/hashicorp/azurerm\"]",
      "instances": [
        {
          "schema_version": 0,
          "attributes": {
            "auto_upgrade_minor_version": true,
            "automatic_upgrade_enabled": false,
            "force_update_tag": "",
            "id": "/subscriptions/2fc41cd7-4e3c-4339-9a34-108ab169f022/resourceGroups/vmScaleSetRg/providers/Microsoft.Compute/virtualMachineScaleSets/scaleSet/extensions/extScaleSet",
            "name": "extScaleSet",
            "protected_settings": null,
            "provision_after_extensions": null,
            "publisher": "Microsoft.Azure.Extensions",
            "settings": "{\"commandToExecute\":\"echo $HOSTNAME\"}",
            "timeouts": null,
            "type": "CustomScript",
            "type_handler_version": "2.0",
            "virtual_machine_scale_set_id": "/subscriptions/2fc41cd7-4e3c-4339-9a34-108ab169f022/resourceGroups/vmScaleSetRg/providers/Microsoft.Compute/virtualMachineScaleSets/scaleSet"
          },
          "sensitive_attributes": [],
          "private": "eyJlMmJmYjczMC1lY2FhLTExZTYtOGY4OC0zNDM2M2JjN2M0YzAiOnsiY3JlYXRlIjoxODAwMDAwMDAwMDAwLCJkZWxldGUiOjE4MDAwMDAwMDAwMDAsInJlYWQiOjMwMDAwMDAwMDAwMCwidXBkYXRlIjoxODAwMDAwMDAwMDAwfX0=",
          "dependencies": [
            "azurerm_lb.appLb",
            "azurerm_lb_backend_address_pool.scaleSetPool",
            "azurerm_public_ip.loadIp",
            "azurerm_resource_group.rg01",
            "azurerm_subnet.subnet01",
            "azurerm_virtual_network.vnet01",
            "azurerm_windows_virtual_machine_scale_set.scaleSet"
          ]
        }
      ]
    },
    {
      "mode": "managed",
      "type": "azurerm_virtual_network",
      "name": "vnet01",
      "provider": "provider[\"registry.terraform.io/hashicorp/azurerm\"]",
      "instances": [
        {
          "schema_version": 0,
          "attributes": {
            "address_space": [
              "10.0.0.0/16"
            ],
            "bgp_community": "",
            "ddos_protection_plan": [],
            "dns_servers": [],
            "edge_zone": "",
            "flow_timeout_in_minutes": 0,
            "guid": "4fc13774-34dc-4623-94ad-9825738e81b3",
            "id": "/subscriptions/2fc41cd7-4e3c-4339-9a34-108ab169f022/resourceGroups/vmScaleSetRg/providers/Microsoft.Network/virtualNetworks/vnet01",
            "location": "eastasia",
            "name": "vnet01",
            "resource_group_name": "vmScaleSetRg",
            "subnet": [],
            "tags": null,
            "timeouts": null
          },
          "sensitive_attributes": [],
          "private": "eyJlMmJmYjczMC1lY2FhLTExZTYtOGY4OC0zNDM2M2JjN2M0YzAiOnsiY3JlYXRlIjoxODAwMDAwMDAwMDAwLCJkZWxldGUiOjE4MDAwMDAwMDAwMDAsInJlYWQiOjMwMDAwMDAwMDAwMCwidXBkYXRlIjoxODAwMDAwMDAwMDAwfX0=",
          "dependencies": [
            "azurerm_resource_group.rg01"
          ]
        }
      ]
    },
    {
      "mode": "managed",
      "type": "azurerm_windows_virtual_machine_scale_set",
      "name": "scaleSet",
      "provider": "provider[\"registry.terraform.io/hashicorp/azurerm\"]",
      "instances": [
        {
          "schema_version": 0,
          "attributes": {
            "additional_capabilities": [],
            "additional_unattend_content": [],
            "admin_password": "Azure@123",
            "admin_username": "yogesh",
            "automatic_instance_repair": [
              {
                "enabled": false,
                "grace_period": "PT30M"
              }
            ],
            "automatic_os_upgrade_policy": [],
            "boot_diagnostics": [],
            "computer_name_prefix": "scaleSet",
            "custom_data": null,
            "data_disk": [],
            "do_not_run_extensions_on_overprovisioned_machines": false,
            "edge_zone": "",
            "enable_automatic_updates": true,
            "encryption_at_host_enabled": false,
            "eviction_policy": "",
            "extension": [],
            "extensions_time_budget": "PT1H30M",
            "health_probe_id": "",
            "id": "/subscriptions/2fc41cd7-4e3c-4339-9a34-108ab169f022/resourceGroups/vmScaleSetRg/providers/Microsoft.Compute/virtualMachineScaleSets/scaleSet",
            "identity": [],
            "instances": 2,
            "license_type": "",
            "location": "eastasia",
            "max_bid_price": -1,
            "name": "scaleSet",
            "network_interface": [
              {
                "dns_servers": null,
                "enable_accelerated_networking": false,
                "enable_ip_forwarding": false,
                "ip_configuration": [
                  {
                    "application_gateway_backend_address_pool_ids": null,
                    "application_security_group_ids": null,
                    "load_balancer_backend_address_pool_ids": [
                      "/subscriptions/2fc41cd7-4e3c-4339-9a34-108ab169f022/resourceGroups/vmScaleSetRg/providers/Microsoft.Network/loadBalancers/appLb/backendAddressPools/scaleSetPool"
                    ],
                    "load_balancer_inbound_nat_rules_ids": null,
                    "name": "internal",
                    "primary": true,
                    "public_ip_address": [],
                    "subnet_id": "/subscriptions/2fc41cd7-4e3c-4339-9a34-108ab169f022/resourceGroups/vmScaleSetRg/providers/Microsoft.Network/virtualNetworks/vnet01/subnets/subnet01",
                    "version": "IPv4"
                  }
                ],
                "name": "scaleset-interface",
                "network_security_group_id": "",
                "primary": true
              }
            ],
            "os_disk": [
              {
                "caching": "ReadWrite",
                "diff_disk_settings": [],
                "disk_encryption_set_id": "",
                "disk_size_gb": 127,
                "secure_vm_disk_encryption_set_id": "",
                "security_encryption_type": "",
                "storage_account_type": "Standard_LRS",
                "write_accelerator_enabled": false
              }
            ],
            "overprovision": true,
            "plan": [],
            "platform_fault_domain_count": 0,
            "priority": "Regular",
            "provision_vm_agent": true,
            "proximity_placement_group_id": "",
            "resource_group_name": "vmScaleSetRg",
            "rolling_upgrade_policy": [],
            "scale_in_policy": "Default",
            "secret": [],
            "secure_boot_enabled": false,
            "single_placement_group": true,
            "sku": "Standard_D2s_v3",
            "source_image_id": "",
            "source_image_reference": [
              {
                "offer": "WindowsServer",
                "publisher": "MicrosoftWindowsServer",
                "sku": "2016-Datacenter-Server-Core",
                "version": "latest"
              }
            ],
            "tags": null,
            "terminate_notification": null,
            "termination_notification": null,
            "timeouts": null,
            "timezone": "",
            "unique_id": "d303d0cb-53a4-4c3d-aa2e-1a52db5e8fe9",
            "upgrade_mode": "Manual",
            "user_data": "",
            "vtpm_enabled": false,
            "winrm_listener": [],
            "zone_balance": false,
            "zones": null
          },
          "sensitive_attributes": [],
          "private": "eyJlMmJmYjczMC1lY2FhLTExZTYtOGY4OC0zNDM2M2JjN2M0YzAiOnsiY3JlYXRlIjozNjAwMDAwMDAwMDAwLCJkZWxldGUiOjM2MDAwMDAwMDAwMDAsInJlYWQiOjMwMDAwMDAwMDAwMCwidXBkYXRlIjozNjAwMDAwMDAwMDAwfX0=",
          "dependencies": [
            "azurerm_lb.appLb",
            "azurerm_lb_backend_address_pool.scaleSetPool",
            "azurerm_public_ip.loadIp",
            "azurerm_resource_group.rg01",
            "azurerm_subnet.subnet01",
            "azurerm_virtual_network.vnet01"
          ]
        }
      ]
    }
  ]
}
